
Microsoft Visual Studio Solution File, Format Version 12.00
# Visual Studio 15
VisualStudioVersion = 15.0.28307.489
MinimumVisualStudioVersion = 10.0.40219.1
Project("{FAE04EC0-301F-11D3-BF4B-00C04F79EFBC}") = "SAVWMS", "SAVWMS\SAVWMS.csproj", "{448FF8DD-BE82-4C88-8119-25CE6157D6C5}"
EndProject
Global
	GlobalSection(SolutionConfigurationPlatforms) = preSolution
		Debug|Any CPU = Debug|Any CPU
		Release|Any CPU = Release|Any CPU
	EndGlobalSection
	GlobalSection(ProjectConfigurationPlatforms) = postSolution
		{448FF8DD-BE82-4C88-8119-25CE6157D6C5}.Debug|Any CPU.ActiveCfg = Debug|Any CPU
		{448FF8DD-BE82-4C88-8119-25CE6157D6C5}.Debug|Any CPU.Build.0 = Debug|Any CPU
		{448FF8DD-BE82-4C88-8119-25CE6157D6C5}.Release|Any CPU.ActiveCfg = Release|Any CPU
		{448FF8DD-BE82-4C88-8119-25CE6157D6C5}.Release|Any CPU.Build.0 = Release|Any CPU
	EndGlobalSection
	GlobalSection(SolutionProperties) = preSolution
		HideSolutionNode = FALSE
	EndGlobalSection
	GlobalSection(ExtensibilityGlobals) = postSolution
		SolutionGuid = {915F1673-41D8-4654-8E69-F6D904F2147C}
	EndGlobalSection
EndGlobal
